
Microsoft Visual Studio Solution File, Format Version 12.00
# Visual Studio Version 16
VisualStudioVersion = 16.0.28803.156
MinimumVisualStudioVersion = 10.0.40219.1
Project("{FAE04EC0-301F-11D3-BF4B-00C04F79EFBC}") = "ConsoleApp1", "ConsoleApp1\ConsoleApp1.csproj", "{A9757126-507F-4682-96B0-F688BE08CE08}"
EndProject
Global
	GlobalSection(SolutionConfigurationPlatforms) = preSolution
		Debug|Any CPU = Debug|Any CPU
		Release|Any CPU = Release|Any CPU
	EndGlobalSection
	GlobalSection(ProjectConfigurationPlatforms) = postSolution
		{A9757126-507F-4682-96B0-F688BE08CE08}.Debug|Any CPU.ActiveCfg = Debug|Any CPU
		{A9757126-507F-4682-96B0-F688BE08CE08}.Debug|Any CPU.Build.0 = Debug|Any CPU
		{A9757126-507F-4682-96B0-F688BE08CE08}.Release|Any CPU.ActiveCfg = Release|Any CPU
		{A9757126-507F-4682-96B0-F688BE08CE08}.Release|Any CPU.Build.0 = Release|Any CPU
	EndGlobalSection
	GlobalSection(SolutionProperties) = preSolution
		HideSolutionNode = FALSE
	EndGlobalSection
	GlobalSection(ExtensibilityGlobals) = postSolution
		SolutionGuid = {72EC1D6A-0D9A-45F6-8A5A-8D16DCA154D6}
	EndGlobalSection
EndGlobal
